
Microsoft Visual Studio Solution File, Format Version 12.00
# Visual Studio 15
VisualStudioVersion = 15.0.28307.1062
MinimumVisualStudioVersion = 10.0.40219.1
Project("{8BC9CEB8-8B4A-11D0-8D11-00A0C91BC942}") = "Step", "Step.vcxproj", "{A34F3BA9-5D66-411B-8379-97BAE34E4E7F}"
EndProject
Global
	GlobalSection(Performance) = preSolution
		HasPerformanceSessions = true
	EndGlobalSection
	GlobalSection(SolutionConfigurationPlatforms) = preSolution
		Debug|x64 = Debug|x64
		Debug|x86 = Debug|x86
		Release|x64 = Release|x64
		Release|x86 = Release|x86
	EndGlobalSection
	GlobalSection(ProjectConfigurationPlatforms) = postSolution
		{A34F3BA9-5D66-411B-8379-97BAE34E4E7F}.Debug|x64.ActiveCfg = Debug|x64
		{A34F3BA9-5D66-411B-8379-97BAE34E4E7F}.Debug|x64.Build.0 = Debug|x64
		{A34F3BA9-5D66-411B-8379-97BAE34E4E7F}.Debug|x86.ActiveCfg = Debug|Win32
		{A34F3BA9-5D66-411B-8379-97BAE34E4E7F}.Debug|x86.Build.0 = Debug|Win32
		{A34F3BA9-5D66-411B-8379-97BAE34E4E7F}.Release|x64.ActiveCfg = Release|x64
		{A34F3BA9-5D66-411B-8379-97BAE34E4E7F}.Release|x64.Build.0 = Release|x64
		{A34F3BA9-5D66-411B-8379-97BAE34E4E7F}.Release|x86.ActiveCfg = Release|Win32
		{A34F3BA9-5D66-411B-8379-97BAE34E4E7F}.Release|x86.Build.0 = Release|Win32
	EndGlobalSection
	GlobalSection(SolutionProperties) = preSolution
		HideSolutionNode = FALSE
	EndGlobalSection
	GlobalSection(ExtensibilityGlobals) = postSolution
		SolutionGuid = {A52B1804-99CD-467D-85F5-8B241F633C9D}
	EndGlobalSection
EndGlobal
